{
  "name": "kangrat",
  "version": "1.0.0",
  "lockfileVersion": 1,
  "dependencies": {
    "@types/colors": {
      "version": "1.1.3",
      "resolved": "https://registry.npmjs.org/@types/colors/-/colors-1.1.3.tgz",
      "integrity": "sha1-VBOwp6GxbdGL4OP9V9L+7Mgcx3Y=",
      "dev": true
    },
    "@types/commander": {
      "version": "https://registry.npmjs.org/@types/commander/-/commander-2.3.31.tgz",
      "integrity": "sha1-xg5VFwkfniIApeIGOoMO3axKcDY=",
      "dev": true
    },
    "@types/fs-extra": {
      "version": "3.0.3",
      "resolved": "https://registry.npmjs.org/@types/fs-extra/-/fs-extra-3.0.3.tgz",
      "integrity": "sha512-o2qkg/J2LWK+sr007+KFBBOrxzxpr9kiP0gMFC75gQJXhUn/E3pQA0kSVdxrQ3lf+rOwsRnuH0wnR5MNTotEKg==",
      "dev": true
    },
    "@types/fs-promise": {
      "version": "https://registry.npmjs.org/@types/fs-promise/-/fs-promise-1.0.2.tgz",
      "integrity": "sha1-wOeB9WIui/OVrKd9DNNjEh7A5jA=",
      "dev": true
    },
    "@types/mz": {
      "version": "https://registry.npmjs.org/@types/mz/-/mz-0.0.30.tgz",
      "integrity": "sha1-WNqp81gR1gcDe6sfnMfUoj5qr64=",
      "dev": true
    },
    "@types/node": {
      "version": "https://registry.npmjs.org/@types/node/-/node-7.0.12.tgz",
      "integrity": "sha1-rl9noZwV91IUgATbB8u7Ny5p78k=",
      "dev": true
    },
    "colors": {
      "version": "1.1.2",
      "resolved": "https://registry.npmjs.org/colors/-/colors-1.1.2.tgz",
      "integrity": "sha1-FopHAXVran9RoSzgyXv6KMCE7WM="
    },
    "commander": {
      "version": "https://registry.npmjs.org/commander/-/commander-2.9.0.tgz",
      "integrity": "sha1-nJkJQXbhIkDLItbFFGCYQA/g99Q="
    },
    "fs-extra": {
      "version": "3.0.1",
      "resolved": "https://registry.npmjs.org/fs-extra/-/fs-extra-3.0.1.tgz",
      "integrity": "sha1-N5TzeMWLNC6n27sjCVEJxLO2IpE="
    },
    "graceful-fs": {
      "version": "4.1.11",
      "resolved": "https://registry.npmjs.org/graceful-fs/-/graceful-fs-4.1.11.tgz",
      "integrity": "sha1-Dovf5NHduIVNZOBOp8AOKgJuVlg="
    },
    "graceful-readlink": {
      "version": "https://registry.npmjs.org/graceful-readlink/-/graceful-readlink-1.0.1.tgz",
      "integrity": "sha1-TK+tdrxi8C+gObL5Tpo906ORpyU="
    },
    "jsonfile": {
      "version": "3.0.0",
      "resolved": "https://registry.npmjs.org/jsonfile/-/jsonfile-3.0.0.tgz",
      "integrity": "sha1-kufHRE5f/V+jLmqa6LhQNN+DR9A="
    },
    "universalify": {
      "version": "0.1.0",
      "resolved": "https://registry.npmjs.org/universalify/-/universalify-0.1.0.tgz",
      "integrity": "sha1-nrHEZR3rzGcMyU8adXYjMruWd3g="
    }
  }
}
